
Microsoft Visual Studio Solution File, Format Version 12.00
# Visual Studio Version 17
VisualStudioVersion = 17.3.32825.248
MinimumVisualStudioVersion = 10.0.40219.1
Project("{FAE04EC0-301F-11D3-BF4B-00C04F79EFBC}") = "OBJ_SHAREFILE", "OBJ_SHAREFILE\OBJ_SHAREFILE.csproj", "{ECD26617-21C6-4F70-8E8C-5D905EB6FD04}"
EndProject
Global
	GlobalSection(SolutionConfigurationPlatforms) = preSolution
		Debug|Any CPU = Debug|Any CPU
		Release|Any CPU = Release|Any CPU
	EndGlobalSection
	GlobalSection(ProjectConfigurationPlatforms) = postSolution
		{ECD26617-21C6-4F70-8E8C-5D905EB6FD04}.Debug|Any CPU.ActiveCfg = Debug|Any CPU
		{ECD26617-21C6-4F70-8E8C-5D905EB6FD04}.Debug|Any CPU.Build.0 = Debug|Any CPU
		{ECD26617-21C6-4F70-8E8C-5D905EB6FD04}.Release|Any CPU.ActiveCfg = Release|Any CPU
		{ECD26617-21C6-4F70-8E8C-5D905EB6FD04}.Release|Any CPU.Build.0 = Release|Any CPU
	EndGlobalSection
	GlobalSection(SolutionProperties) = preSolution
		HideSolutionNode = FALSE
	EndGlobalSection
	GlobalSection(ExtensibilityGlobals) = postSolution
		SolutionGuid = {292F402D-4C9D-4F86-931A-5AAFA43F6E60}
	EndGlobalSection
EndGlobal
